
Microsoft Visual Studio Solution File, Format Version 12.00
# Visual Studio Version 17
VisualStudioVersion = 17.10.34928.147
MinimumVisualStudioVersion = 10.0.40219.1
Project("{FAE04EC0-301F-11D3-BF4B-00C04F79EFBC}") = "Ras4et_kom_uslug", "Ras4et_kom_uslug.csproj", "{4686689F-F630-4D47-A660-FEE1E2FAE7A9}"
EndProject
Global
	GlobalSection(SolutionConfigurationPlatforms) = preSolution
		Debug|Any CPU = Debug|Any CPU
		Release|Any CPU = Release|Any CPU
	EndGlobalSection
	GlobalSection(ProjectConfigurationPlatforms) = postSolution
		{4686689F-F630-4D47-A660-FEE1E2FAE7A9}.Debug|Any CPU.ActiveCfg = Debug|Any CPU
		{4686689F-F630-4D47-A660-FEE1E2FAE7A9}.Debug|Any CPU.Build.0 = Debug|Any CPU
		{4686689F-F630-4D47-A660-FEE1E2FAE7A9}.Release|Any CPU.ActiveCfg = Release|Any CPU
		{4686689F-F630-4D47-A660-FEE1E2FAE7A9}.Release|Any CPU.Build.0 = Release|Any CPU
	EndGlobalSection
	GlobalSection(SolutionProperties) = preSolution
		HideSolutionNode = FALSE
	EndGlobalSection
	GlobalSection(ExtensibilityGlobals) = postSolution
		SolutionGuid = {92BBD3BA-1CC1-44A3-995A-F0AB159661F4}
	EndGlobalSection
EndGlobal
